// !$*UTF8*$!
{
	archiveVersion = 1;
	classes = {
	};
	objectVersion = 56;
	objects = {

/* Begin PBXBuildFile section */
		273F5D6429C6E5F100C91C24 /* ExpenseRowView.swift in Sources */ = {isa = PBXBuildFile; fileRef = 273F5D6329C6E5F100C91C24 /* ExpenseRowView.swift */; };
		273F5D6629C6EB7900C91C24 /* Numbers.swift in Sources */ = {isa = PBXBuildFile; fileRef = 273F5D6529C6EB7900C91C24 /* Numbers.swift */; };
		273F5D6829C702EF00C91C24 /* InputNavigatorView.swift in Sources */ = {isa = PBXBuildFile; fileRef = 273F5D6729C702EF00C91C24 /* InputNavigatorView.swift */; };
		2740146129CDABE1003EF614 /* GuideLineView.swift in Sources */ = {isa = PBXBuildFile; fileRef = 2740146029CDABE1003EF614 /* GuideLineView.swift */; };
		2740146329CDACED003EF614 /* NewItemInputView.swift in Sources */ = {isa = PBXBuildFile; fileRef = 2740146229CDACED003EF614 /* NewItemInputView.swift */; };
		2740146529CDB267003EF614 /* CustomTextFieldView.swift in Sources */ = {isa = PBXBuildFile; fileRef = 2740146429CDB267003EF614 /* CustomTextFieldView.swift */; };
		274014D229D7E651003EF614 /* Icons.swift in Sources */ = {isa = PBXBuildFile; fileRef = 274014D129D7E651003EF614 /* Icons.swift */; };
		274014D429D7E6B5003EF614 /* Colors.swift in Sources */ = {isa = PBXBuildFile; fileRef = 274014D329D7E6B5003EF614 /* Colors.swift */; };
		274014D629D7ED5C003EF614 /* CustomizeSheetView.swift in Sources */ = {isa = PBXBuildFile; fileRef = 274014D529D7ED5C003EF614 /* CustomizeSheetView.swift */; };
		274014D929D7EDB5003EF614 /* SheetTabItemView.swift in Sources */ = {isa = PBXBuildFile; fileRef = 274014D829D7EDB5003EF614 /* SheetTabItemView.swift */; };
		274014DB29D7F087003EF614 /* Modifier.swift in Sources */ = {isa = PBXBuildFile; fileRef = 274014DA29D7F087003EF614 /* Modifier.swift */; };
		274014DD29D7F193003EF614 /* SheetTopBarView.swift in Sources */ = {isa = PBXBuildFile; fileRef = 274014DC29D7F193003EF614 /* SheetTopBarView.swift */; };
		274014DF29D97544003EF614 /* CircleChipButtonView.swift in Sources */ = {isa = PBXBuildFile; fileRef = 274014DE29D97544003EF614 /* CircleChipButtonView.swift */; };
		274014E229D975E3003EF614 /* ColorPickerChipButtonView.swift in Sources */ = {isa = PBXBuildFile; fileRef = 274014E129D975E3003EF614 /* ColorPickerChipButtonView.swift */; };
		274014E429D976E3003EF614 /* ColorChipButtonView.swift in Sources */ = {isa = PBXBuildFile; fileRef = 274014E329D976E3003EF614 /* ColorChipButtonView.swift */; };
		274014E629D97793003EF614 /* NoColorChipButtonView.swift in Sources */ = {isa = PBXBuildFile; fileRef = 274014E529D97793003EF614 /* NoColorChipButtonView.swift */; };
		274014E829D97C2C003EF614 /* BackgroundOptionsView.swift in Sources */ = {isa = PBXBuildFile; fileRef = 274014E729D97C2C003EF614 /* BackgroundOptionsView.swift */; };
		274014EB29D97C64003EF614 /* HeaderOptionsView.swift in Sources */ = {isa = PBXBuildFile; fileRef = 274014EA29D97C64003EF614 /* HeaderOptionsView.swift */; };
		2760488D29BDC0F000AB8497 /* My_Expenses.xcdatamodeld in Sources */ = {isa = PBXBuildFile; fileRef = 2760488B29BDC0F000AB8497 /* My_Expenses.xcdatamodeld */; };
		2760488F29BDE58800AB8497 /* TodaysView.swift in Sources */ = {isa = PBXBuildFile; fileRef = 2760488E29BDE58800AB8497 /* TodaysView.swift */; };
		2760489329BDE5BA00AB8497 /* WeekView.swift in Sources */ = {isa = PBXBuildFile; fileRef = 2760489229BDE5BA00AB8497 /* WeekView.swift */; };
		2760489529BDE7D800AB8497 /* Text.swift in Sources */ = {isa = PBXBuildFile; fileRef = 2760489429BDE7D800AB8497 /* Text.swift */; };
		276048CE29BF118D00AB8497 /* Frame.swift in Sources */ = {isa = PBXBuildFile; fileRef = 276048CD29BF118D00AB8497 /* Frame.swift */; };
		276048D229BF13BA00AB8497 /* TopBarView.swift in Sources */ = {isa = PBXBuildFile; fileRef = 276048D129BF13B900AB8497 /* TopBarView.swift */; };
		276048D429BF13C300AB8497 /* BottomBarView.swift in Sources */ = {isa = PBXBuildFile; fileRef = 276048D329BF13C300AB8497 /* BottomBarView.swift */; };
		276048D629BF19B200AB8497 /* DayExpenseBoxView.swift in Sources */ = {isa = PBXBuildFile; fileRef = 276048D529BF19B200AB8497 /* DayExpenseBoxView.swift */; };
		276048D829BF1BCE00AB8497 /* WeekExpensesView.swift in Sources */ = {isa = PBXBuildFile; fileRef = 276048D729BF1BCE00AB8497 /* WeekExpensesView.swift */; };
		276048DA29BF1D9D00AB8497 /* Date.swift in Sources */ = {isa = PBXBuildFile; fileRef = 276048D929BF1D9D00AB8497 /* Date.swift */; };
		276048DC29BF244600AB8497 /* Test.swift in Sources */ = {isa = PBXBuildFile; fileRef = 276048DB29BF244600AB8497 /* Test.swift */; };
		278BAB6029C5BE7300A5A005 /* TodaysViewModel.swift in Sources */ = {isa = PBXBuildFile; fileRef = 278BAB5F29C5BE7300A5A005 /* TodaysViewModel.swift */; };
		278BAB6229C5BE8300A5A005 /* WeekViewModel.swift in Sources */ = {isa = PBXBuildFile; fileRef = 278BAB6129C5BE8300A5A005 /* WeekViewModel.swift */; };
		278BAB6529C5C6C800A5A005 /* WeekExpense.swift in Sources */ = {isa = PBXBuildFile; fileRef = 278BAB6429C5C6C800A5A005 /* WeekExpense.swift */; };
		278BAB6729C5C6E400A5A005 /* DayExpense.swift in Sources */ = {isa = PBXBuildFile; fileRef = 278BAB6629C5C6E400A5A005 /* DayExpense.swift */; };
		27A25A6329BDBAB200EC5E0D /* My_ExpensesApp.swift in Sources */ = {isa = PBXBuildFile; fileRef = 27A25A6229BDBAB200EC5E0D /* My_ExpensesApp.swift */; };
		27A25A6C29BDBAB400EC5E0D /* Assets.xcassets in Resources */ = {isa = PBXBuildFile; fileRef = 27A25A6B29BDBAB400EC5E0D /* Assets.xcassets */; };
		27A25A7A29BDBAB400EC5E0D /* My_ExpensesTests.swift in Sources */ = {isa = PBXBuildFile; fileRef = 27A25A7929BDBAB400EC5E0D /* My_ExpensesTests.swift */; };
		27A25A8429BDBAB400EC5E0D /* My_ExpensesUITests.swift in Sources */ = {isa = PBXBuildFile; fileRef = 27A25A8329BDBAB400EC5E0D /* My_ExpensesUITests.swift */; };
		27A25A8629BDBAB400EC5E0D /* My_ExpensesUITestsLaunchTests.swift in Sources */ = {isa = PBXBuildFile; fileRef = 27A25A8529BDBAB400EC5E0D /* My_ExpensesUITestsLaunchTests.swift */; };
		27A25A9729BDBB0500EC5E0D /* AppView.swift in Sources */ = {isa = PBXBuildFile; fileRef = 27A25A9629BDBB0500EC5E0D /* AppView.swift */; };
		27A25A9929BDBB1600EC5E0D /* AppViewModel.swift in Sources */ = {isa = PBXBuildFile; fileRef = 27A25A9829BDBB1600EC5E0D /* AppViewModel.swift */; };
		27A25A9C29BDBB4F00EC5E0D /* ExpenseRepository.swift in Sources */ = {isa = PBXBuildFile; fileRef = 27A25A9B29BDBB4F00EC5E0D /* ExpenseRepository.swift */; };
		27A25A9E29BDBBEC00EC5E0D /* LocalDatabase.swift in Sources */ = {isa = PBXBuildFile; fileRef = 27A25A9D29BDBBEC00EC5E0D /* LocalDatabase.swift */; };
		27A25AA029BDBBFE00EC5E0D /* Logger.swift in Sources */ = {isa = PBXBuildFile; fileRef = 27A25A9F29BDBBFE00EC5E0D /* Logger.swift */; };
		27D6BEE029BDBF0000E3F19D /* Expense.swift in Sources */ = {isa = PBXBuildFile; fileRef = 27D6BEDF29BDBF0000E3F19D /* Expense.swift */; };
/* End PBXBuildFile section */

/* Begin PBXContainerItemProxy section */
		27A25A7629BDBAB400EC5E0D /* PBXContainerItemProxy */ = {
			isa = PBXContainerItemProxy;
			containerPortal = 27A25A5729BDBAB100EC5E0D /* Project object */;
			proxyType = 1;
			remoteGlobalIDString = 27A25A5E29BDBAB200EC5E0D;
			remoteInfo = "My Expenses";
		};
		27A25A8029BDBAB400EC5E0D /* PBXContainerItemProxy */ = {
			isa = PBXContainerItemProxy;
			containerPortal = 27A25A5729BDBAB100EC5E0D /* Project object */;
			proxyType = 1;
			remoteGlobalIDString = 27A25A5E29BDBAB200EC5E0D;
			remoteInfo = "My Expenses";
		};
/* End PBXContainerItemProxy section */

/* Begin PBXFileReference section */
		273F5D6329C6E5F100C91C24 /* ExpenseRowView.swift */ = {isa = PBXFileReference; lastKnownFileType = sourcecode.swift; path = ExpenseRowView.swift; sourceTree = "<group>"; };
		273F5D6529C6EB7900C91C24 /* Numbers.swift */ = {isa = PBXFileReference; lastKnownFileType = sourcecode.swift; path = Numbers.swift; sourceTree = "<group>"; };
		273F5D6729C702EF00C91C24 /* InputNavigatorView.swift */ = {isa = PBXFileReference; lastKnownFileType = sourcecode.swift; path = InputNavigatorView.swift; sourceTree = "<group>"; };
		2740146029CDABE1003EF614 /* GuideLineView.swift */ = {isa = PBXFileReference; lastKnownFileType = sourcecode.swift; path = GuideLineView.swift; sourceTree = "<group>"; };
		2740146229CDACED003EF614 /* NewItemInputView.swift */ = {isa = PBXFileReference; lastKnownFileType = sourcecode.swift; path = NewItemInputView.swift; sourceTree = "<group>"; };
		2740146429CDB267003EF614 /* CustomTextFieldView.swift */ = {isa = PBXFileReference; lastKnownFileType = sourcecode.swift; path = CustomTextFieldView.swift; sourceTree = "<group>"; };
		274014D129D7E651003EF614 /* Icons.swift */ = {isa = PBXFileReference; lastKnownFileType = sourcecode.swift; path = Icons.swift; sourceTree = "<group>"; };
		274014D329D7E6B5003EF614 /* Colors.swift */ = {isa = PBXFileReference; lastKnownFileType = sourcecode.swift; path = Colors.swift; sourceTree = "<group>"; };
		274014D529D7ED5C003EF614 /* CustomizeSheetView.swift */ = {isa = PBXFileReference; lastKnownFileType = sourcecode.swift; path = CustomizeSheetView.swift; sourceTree = "<group>"; };
		274014D829D7EDB5003EF614 /* SheetTabItemView.swift */ = {isa = PBXFileReference; lastKnownFileType = sourcecode.swift; path = SheetTabItemView.swift; sourceTree = "<group>"; };
		274014DA29D7F087003EF614 /* Modifier.swift */ = {isa = PBXFileReference; lastKnownFileType = sourcecode.swift; path = Modifier.swift; sourceTree = "<group>"; };
		274014DC29D7F193003EF614 /* SheetTopBarView.swift */ = {isa = PBXFileReference; lastKnownFileType = sourcecode.swift; path = SheetTopBarView.swift; sourceTree = "<group>"; };
		274014DE29D97544003EF614 /* CircleChipButtonView.swift */ = {isa = PBXFileReference; lastKnownFileType = sourcecode.swift; path = CircleChipButtonView.swift; sourceTree = "<group>"; };
		274014E129D975E3003EF614 /* ColorPickerChipButtonView.swift */ = {isa = PBXFileReference; lastKnownFileType = sourcecode.swift; path = ColorPickerChipButtonView.swift; sourceTree = "<group>"; };
		274014E329D976E3003EF614 /* ColorChipButtonView.swift */ = {isa = PBXFileReference; lastKnownFileType = sourcecode.swift; path = ColorChipButtonView.swift; sourceTree = "<group>"; };
		274014E529D97793003EF614 /* NoColorChipButtonView.swift */ = {isa = PBXFileReference; lastKnownFileType = sourcecode.swift; path = NoColorChipButtonView.swift; sourceTree = "<group>"; };
		274014E729D97C2C003EF614 /* BackgroundOptionsView.swift */ = {isa = PBXFileReference; lastKnownFileType = sourcecode.swift; path = BackgroundOptionsView.swift; sourceTree = "<group>"; };
		274014EA29D97C64003EF614 /* HeaderOptionsView.swift */ = {isa = PBXFileReference; lastKnownFileType = sourcecode.swift; path = HeaderOptionsView.swift; sourceTree = "<group>"; };
		2760488C29BDC0F000AB8497 /* My_Expenses.xcdatamodel */ = {isa = PBXFileReference; lastKnownFileType = wrapper.xcdatamodel; path = My_Expenses.xcdatamodel; sourceTree = "<group>"; };
		2760488E29BDE58800AB8497 /* TodaysView.swift */ = {isa = PBXFileReference; lastKnownFileType = sourcecode.swift; path = TodaysView.swift; sourceTree = "<group>"; };
		2760489229BDE5BA00AB8497 /* WeekView.swift */ = {isa = PBXFileReference; lastKnownFileType = sourcecode.swift; path = WeekView.swift; sourceTree = "<group>"; };
		2760489429BDE7D800AB8497 /* Text.swift */ = {isa = PBXFileReference; lastKnownFileType = sourcecode.swift; path = Text.swift; sourceTree = "<group>"; };
		276048CD29BF118D00AB8497 /* Frame.swift */ = {isa = PBXFileReference; lastKnownFileType = sourcecode.swift; path = Frame.swift; sourceTree = "<group>"; };
		276048D129BF13B900AB8497 /* TopBarView.swift */ = {isa = PBXFileReference; lastKnownFileType = sourcecode.swift; path = TopBarView.swift; sourceTree = "<group>"; };
		276048D329BF13C300AB8497 /* BottomBarView.swift */ = {isa = PBXFileReference; lastKnownFileType = sourcecode.swift; path = BottomBarView.swift; sourceTree = "<group>"; };
		276048D529BF19B200AB8497 /* DayExpenseBoxView.swift */ = {isa = PBXFileReference; lastKnownFileType = sourcecode.swift; path = DayExpenseBoxView.swift; sourceTree = "<group>"; };
		276048D729BF1BCE00AB8497 /* WeekExpensesView.swift */ = {isa = PBXFileReference; lastKnownFileType = sourcecode.swift; path = WeekExpensesView.swift; sourceTree = "<group>"; };
		276048D929BF1D9D00AB8497 /* Date.swift */ = {isa = PBXFileReference; lastKnownFileType = sourcecode.swift; path = Date.swift; sourceTree = "<group>"; };
		276048DB29BF244600AB8497 /* Test.swift */ = {isa = PBXFileReference; lastKnownFileType = sourcecode.swift; path = Test.swift; sourceTree = "<group>"; };
		278BAB5F29C5BE7300A5A005 /* TodaysViewModel.swift */ = {isa = PBXFileReference; lastKnownFileType = sourcecode.swift; path = TodaysViewModel.swift; sourceTree = "<group>"; };
		278BAB6129C5BE8300A5A005 /* WeekViewModel.swift */ = {isa = PBXFileReference; lastKnownFileType = sourcecode.swift; path = WeekViewModel.swift; sourceTree = "<group>"; };
		278BAB6429C5C6C800A5A005 /* WeekExpense.swift */ = {isa = PBXFileReference; lastKnownFileType = sourcecode.swift; path = WeekExpense.swift; sourceTree = "<group>"; };
		278BAB6629C5C6E400A5A005 /* DayExpense.swift */ = {isa = PBXFileReference; lastKnownFileType = sourcecode.swift; path = DayExpense.swift; sourceTree = "<group>"; };
		27A25A5F29BDBAB200EC5E0D /* My Expenses.app */ = {isa = PBXFileReference; explicitFileType = wrapper.application; includeInIndex = 0; path = "My Expenses.app"; sourceTree = BUILT_PRODUCTS_DIR; };
		27A25A6229BDBAB200EC5E0D /* My_ExpensesApp.swift */ = {isa = PBXFileReference; lastKnownFileType = sourcecode.swift; path = My_ExpensesApp.swift; sourceTree = "<group>"; };
		27A25A6B29BDBAB400EC5E0D /* Assets.xcassets */ = {isa = PBXFileReference; lastKnownFileType = folder.assetcatalog; path = Assets.xcassets; sourceTree = "<group>"; };
		27A25A6D29BDBAB400EC5E0D /* My_Expenses.entitlements */ = {isa = PBXFileReference; lastKnownFileType = text.plist.entitlements; path = My_Expenses.entitlements; sourceTree = "<group>"; };
		27A25A7529BDBAB400EC5E0D /* My ExpensesTests.xctest */ = {isa = PBXFileReference; explicitFileType = wrapper.cfbundle; includeInIndex = 0; path = "My ExpensesTests.xctest"; sourceTree = BUILT_PRODUCTS_DIR; };
		27A25A7929BDBAB400EC5E0D /* My_ExpensesTests.swift */ = {isa = PBXFileReference; lastKnownFileType = sourcecode.swift; path = My_ExpensesTests.swift; sourceTree = "<group>"; };
		27A25A7F29BDBAB400EC5E0D /* My ExpensesUITests.xctest */ = {isa = PBXFileReference; explicitFileType = wrapper.cfbundle; includeInIndex = 0; path = "My ExpensesUITests.xctest"; sourceTree = BUILT_PRODUCTS_DIR; };
		27A25A8329BDBAB400EC5E0D /* My_ExpensesUITests.swift */ = {isa = PBXFileReference; lastKnownFileType = sourcecode.swift; path = My_ExpensesUITests.swift; sourceTree = "<group>"; };
		27A25A8529BDBAB400EC5E0D /* My_ExpensesUITestsLaunchTests.swift */ = {isa = PBXFileReference; lastKnownFileType = sourcecode.swift; path = My_ExpensesUITestsLaunchTests.swift; sourceTree = "<group>"; };
		27A25A9629BDBB0500EC5E0D /* AppView.swift */ = {isa = PBXFileReference; lastKnownFileType = sourcecode.swift; path = AppView.swift; sourceTree = "<group>"; };
		27A25A9829BDBB1600EC5E0D /* AppViewModel.swift */ = {isa = PBXFileReference; lastKnownFileType = sourcecode.swift; path = AppViewModel.swift; sourceTree = "<group>"; };
		27A25A9B29BDBB4F00EC5E0D /* ExpenseRepository.swift */ = {isa = PBXFileReference; lastKnownFileType = sourcecode.swift; path = ExpenseRepository.swift; sourceTree = "<group>"; };
		27A25A9D29BDBBEC00EC5E0D /* LocalDatabase.swift */ = {isa = PBXFileReference; lastKnownFileType = sourcecode.swift; path = LocalDatabase.swift; sourceTree = "<group>"; };
		27A25A9F29BDBBFE00EC5E0D /* Logger.swift */ = {isa = PBXFileReference; lastKnownFileType = sourcecode.swift; path = Logger.swift; sourceTree = "<group>"; };
		27D6BEDF29BDBF0000E3F19D /* Expense.swift */ = {isa = PBXFileReference; lastKnownFileType = sourcecode.swift; path = Expense.swift; sourceTree = "<group>"; };
/* End PBXFileReference section */

/* Begin PBXFrameworksBuildPhase section */
		27A25A5C29BDBAB200EC5E0D /* Frameworks */ = {
			isa = PBXFrameworksBuildPhase;
			buildActionMask = 2147483647;
			files = (
			);
			runOnlyForDeploymentPostprocessing = 0;
		};
		27A25A7229BDBAB400EC5E0D /* Frameworks */ = {
			isa = PBXFrameworksBuildPhase;
			buildActionMask = 2147483647;
			files = (
			);
			runOnlyForDeploymentPostprocessing = 0;
		};
		27A25A7C29BDBAB400EC5E0D /* Frameworks */ = {
			isa = PBXFrameworksBuildPhase;
			buildActionMask = 2147483647;
			files = (
			);
			runOnlyForDeploymentPostprocessing = 0;
		};
/* End PBXFrameworksBuildPhase section */

/* Begin PBXGroup section */
		2740145F29CDABC8003EF614 /* Components */ = {
			isa = PBXGroup;
			children = (
				2740146029CDABE1003EF614 /* GuideLineView.swift */,
				2740146429CDB267003EF614 /* CustomTextFieldView.swift */,
			);
			path = Components;
			sourceTree = "<group>";
		};
		274014D029D7E63F003EF614 /* Theme */ = {
			isa = PBXGroup;
			children = (
				274014D129D7E651003EF614 /* Icons.swift */,
				274014D329D7E6B5003EF614 /* Colors.swift */,
			);
			path = Theme;
			sourceTree = "<group>";
		};
		274014D729D7ED99003EF614 /* Sheet */ = {
			isa = PBXGroup;
			children = (
				274014D529D7ED5C003EF614 /* CustomizeSheetView.swift */,
				274014D829D7EDB5003EF614 /* SheetTabItemView.swift */,
				274014DC29D7F193003EF614 /* SheetTopBarView.swift */,
				274014E929D97C32003EF614 /* Options */,
				274014E029D975D4003EF614 /* Chips */,
			);
			path = Sheet;
			sourceTree = "<group>";
		};
		274014E029D975D4003EF614 /* Chips */ = {
			isa = PBXGroup;
			children = (
				274014DE29D97544003EF614 /* CircleChipButtonView.swift */,
				274014E129D975E3003EF614 /* ColorPickerChipButtonView.swift */,
				274014E329D976E3003EF614 /* ColorChipButtonView.swift */,
				274014E529D97793003EF614 /* NoColorChipButtonView.swift */,
			);
			path = Chips;
			sourceTree = "<group>";
		};
		274014E929D97C32003EF614 /* Options */ = {
			isa = PBXGroup;
			children = (
				274014E729D97C2C003EF614 /* BackgroundOptionsView.swift */,
				274014EA29D97C64003EF614 /* HeaderOptionsView.swift */,
			);
			path = Options;
			sourceTree = "<group>";
		};
		2760489629BDE7E000AB8497 /* Style */ = {
			isa = PBXGroup;
			children = (
				2760489429BDE7D800AB8497 /* Text.swift */,
				276048CD29BF118D00AB8497 /* Frame.swift */,
			);
			path = Style;
			sourceTree = "<group>";
		};
		276048CF29BF138E00AB8497 /* (1) Today */ = {
			isa = PBXGroup;
			children = (
				2760488E29BDE58800AB8497 /* TodaysView.swift */,
				273F5D6329C6E5F100C91C24 /* ExpenseRowView.swift */,
				273F5D6729C702EF00C91C24 /* InputNavigatorView.swift */,
				2740146229CDACED003EF614 /* NewItemInputView.swift */,
				274014D729D7ED99003EF614 /* Sheet */,
			);
			path = "(1) Today";
			sourceTree = "<group>";
		};
		276048D029BF13A100AB8497 /* (2) Week */ = {
			isa = PBXGroup;
			children = (
				2760489229BDE5BA00AB8497 /* WeekView.swift */,
				276048D529BF19B200AB8497 /* DayExpenseBoxView.swift */,
				276048D729BF1BCE00AB8497 /* WeekExpensesView.swift */,
			);
			path = "(2) Week";
			sourceTree = "<group>";
		};
		278BAB5E29C5BE5200A5A005 /* View Model */ = {
			isa = PBXGroup;
			children = (
				27A25A9829BDBB1600EC5E0D /* AppViewModel.swift */,
				278BAB5F29C5BE7300A5A005 /* TodaysViewModel.swift */,
				278BAB6129C5BE8300A5A005 /* WeekViewModel.swift */,
			);
			path = "View Model";
			sourceTree = "<group>";
		};
		27A25A5629BDBAB100EC5E0D = {
			isa = PBXGroup;
			children = (
				27A25A6129BDBAB200EC5E0D /* My Expenses */,
				27A25A7829BDBAB400EC5E0D /* My ExpensesTests */,
				27A25A8229BDBAB400EC5E0D /* My ExpensesUITests */,
				27A25A6029BDBAB200EC5E0D /* Products */,
			);
			sourceTree = "<group>";
		};
		27A25A6029BDBAB200EC5E0D /* Products */ = {
			isa = PBXGroup;
			children = (
				27A25A5F29BDBAB200EC5E0D /* My Expenses.app */,
				27A25A7529BDBAB400EC5E0D /* My ExpensesTests.xctest */,
				27A25A7F29BDBAB400EC5E0D /* My ExpensesUITests.xctest */,
			);
			name = Products;
			sourceTree = "<group>";
		};
		27A25A6129BDBAB200EC5E0D /* My Expenses */ = {
			isa = PBXGroup;
			children = (
				27A25A6D29BDBAB400EC5E0D /* My_Expenses.entitlements */,
				27A25A9429BDBAF000EC5E0D /* App */,
				2740145F29CDABC8003EF614 /* Components */,
				27A25A9529BDBAF600EC5E0D /* View */,
				27A25A9A29BDBB4000EC5E0D /* Data */,
				278BAB5E29C5BE5200A5A005 /* View Model */,
				27A25A9229BDBAC000EC5E0D /* Model */,
				2760489629BDE7E000AB8497 /* Style */,
				27A25AA129BDBC0000EC5E0D /* Utils */,
				274014D029D7E63F003EF614 /* Theme */,
				27A25A9329BDBAC900EC5E0D /* Resources */,
			);
			path = "My Expenses";
			sourceTree = "<group>";
		};
		27A25A7829BDBAB400EC5E0D /* My ExpensesTests */ = {
			isa = PBXGroup;
			children = (
				27A25A7929BDBAB400EC5E0D /* My_ExpensesTests.swift */,
			);
			path = "My ExpensesTests";
			sourceTree = "<group>";
		};
		27A25A8229BDBAB400EC5E0D /* My ExpensesUITests */ = {
			isa = PBXGroup;
			children = (
				27A25A8329BDBAB400EC5E0D /* My_ExpensesUITests.swift */,
				27A25A8529BDBAB400EC5E0D /* My_ExpensesUITestsLaunchTests.swift */,
			);
			path = "My ExpensesUITests";
			sourceTree = "<group>";
		};
		27A25A9229BDBAC000EC5E0D /* Model */ = {
			isa = PBXGroup;
			children = (
				27D6BEDF29BDBF0000E3F19D /* Expense.swift */,
				278BAB6629C5C6E400A5A005 /* DayExpense.swift */,
				278BAB6429C5C6C800A5A005 /* WeekExpense.swift */,
				2760488B29BDC0F000AB8497 /* My_Expenses.xcdatamodeld */,
			);
			path = Model;
			sourceTree = "<group>";
		};
		27A25A9329BDBAC900EC5E0D /* Resources */ = {
			isa = PBXGroup;
			children = (
				27A25A6B29BDBAB400EC5E0D /* Assets.xcassets */,
			);
			path = Resources;
			sourceTree = "<group>";
		};
		27A25A9429BDBAF000EC5E0D /* App */ = {
			isa = PBXGroup;
			children = (
				27A25A6229BDBAB200EC5E0D /* My_ExpensesApp.swift */,
			);
			path = App;
			sourceTree = "<group>";
		};
		27A25A9529BDBAF600EC5E0D /* View */ = {
			isa = PBXGroup;
			children = (
				27A25A9629BDBB0500EC5E0D /* AppView.swift */,
				276048D129BF13B900AB8497 /* TopBarView.swift */,
				276048D329BF13C300AB8497 /* BottomBarView.swift */,
				276048CF29BF138E00AB8497 /* (1) Today */,
				276048D029BF13A100AB8497 /* (2) Week */,
			);
			path = View;
			sourceTree = "<group>";
		};
		27A25A9A29BDBB4000EC5E0D /* Data */ = {
			isa = PBXGroup;
			children = (
				27A25A9B29BDBB4F00EC5E0D /* ExpenseRepository.swift */,
				27A25A9D29BDBBEC00EC5E0D /* LocalDatabase.swift */,
				276048DB29BF244600AB8497 /* Test.swift */,
			);
			path = Data;
			sourceTree = "<group>";
		};
		27A25AA129BDBC0000EC5E0D /* Utils */ = {
			isa = PBXGroup;
			children = (
				27A25A9F29BDBBFE00EC5E0D /* Logger.swift */,
				276048D929BF1D9D00AB8497 /* Date.swift */,
				273F5D6529C6EB7900C91C24 /* Numbers.swift */,
				274014DA29D7F087003EF614 /* Modifier.swift */,
			);
			path = Utils;
			sourceTree = "<group>";
		};
/* End PBXGroup section */

/* Begin PBXNativeTarget section */
		27A25A5E29BDBAB200EC5E0D /* My Expenses */ = {
			isa = PBXNativeTarget;
			buildConfigurationList = 27A25A8929BDBAB400EC5E0D /* Build configuration list for PBXNativeTarget "My Expenses" */;
			buildPhases = (
				27A25A5B29BDBAB200EC5E0D /* Sources */,
				27A25A5C29BDBAB200EC5E0D /* Frameworks */,
				27A25A5D29BDBAB200EC5E0D /* Resources */,
			);
			buildRules = (
			);
			dependencies = (
			);
			name = "My Expenses";
			productName = "My Expenses";
			productReference = 27A25A5F29BDBAB200EC5E0D /* My Expenses.app */;
			productType = "com.apple.product-type.application";
		};
		27A25A7429BDBAB400EC5E0D /* My ExpensesTests */ = {
			isa = PBXNativeTarget;
			buildConfigurationList = 27A25A8C29BDBAB400EC5E0D /* Build configuration list for PBXNativeTarget "My ExpensesTests" */;
			buildPhases = (
				27A25A7129BDBAB400EC5E0D /* Sources */,
				27A25A7229BDBAB400EC5E0D /* Frameworks */,
				27A25A7329BDBAB400EC5E0D /* Resources */,
			);
			buildRules = (
			);
			dependencies = (
				27A25A7729BDBAB400EC5E0D /* PBXTargetDependency */,
			);
			name = "My ExpensesTests";
			productName = "My ExpensesTests";
			productReference = 27A25A7529BDBAB400EC5E0D /* My ExpensesTests.xctest */;
			productType = "com.apple.product-type.bundle.unit-test";
		};
		27A25A7E29BDBAB400EC5E0D /* My ExpensesUITests */ = {
			isa = PBXNativeTarget;
			buildConfigurationList = 27A25A8F29BDBAB400EC5E0D /* Build configuration list for PBXNativeTarget "My ExpensesUITests" */;
			buildPhases = (
				27A25A7B29BDBAB400EC5E0D /* Sources */,
				27A25A7C29BDBAB400EC5E0D /* Frameworks */,
				27A25A7D29BDBAB400EC5E0D /* Resources */,
			);
			buildRules = (
			);
			dependencies = (
				27A25A8129BDBAB400EC5E0D /* PBXTargetDependency */,
			);
			name = "My ExpensesUITests";
			productName = "My ExpensesUITests";
			productReference = 27A25A7F29BDBAB400EC5E0D /* My ExpensesUITests.xctest */;
			productType = "com.apple.product-type.bundle.ui-testing";
		};
/* End PBXNativeTarget section */

/* Begin PBXProject section */
		27A25A5729BDBAB100EC5E0D /* Project object */ = {
			isa = PBXProject;
			attributes = {
				BuildIndependentTargetsInParallel = 1;
				LastSwiftUpdateCheck = 1420;
				LastUpgradeCheck = 1420;
				TargetAttributes = {
					27A25A5E29BDBAB200EC5E0D = {
						CreatedOnToolsVersion = 14.2;
					};
					27A25A7429BDBAB400EC5E0D = {
						CreatedOnToolsVersion = 14.2;
						TestTargetID = 27A25A5E29BDBAB200EC5E0D;
					};
					27A25A7E29BDBAB400EC5E0D = {
						CreatedOnToolsVersion = 14.2;
						TestTargetID = 27A25A5E29BDBAB200EC5E0D;
					};
				};
			};
			buildConfigurationList = 27A25A5A29BDBAB100EC5E0D /* Build configuration list for PBXProject "My Expenses" */;
			compatibilityVersion = "Xcode 14.0";
			developmentRegion = en;
			hasScannedForEncodings = 0;
			knownRegions = (
				en,
				Base,
			);
			mainGroup = 27A25A5629BDBAB100EC5E0D;
			productRefGroup = 27A25A6029BDBAB200EC5E0D /* Products */;
			projectDirPath = "";
			projectRoot = "";
			targets = (
				27A25A5E29BDBAB200EC5E0D /* My Expenses */,
				27A25A7429BDBAB400EC5E0D /* My ExpensesTests */,
				27A25A7E29BDBAB400EC5E0D /* My ExpensesUITests */,
			);
		};
/* End PBXProject section */

/* Begin PBXResourcesBuildPhase section */
		27A25A5D29BDBAB200EC5E0D /* Resources */ = {
			isa = PBXResourcesBuildPhase;
			buildActionMask = 2147483647;
			files = (
				27A25A6C29BDBAB400EC5E0D /* Assets.xcassets in Resources */,
			);
			runOnlyForDeploymentPostprocessing = 0;
		};
		27A25A7329BDBAB400EC5E0D /* Resources */ = {
			isa = PBXResourcesBuildPhase;
			buildActionMask = 2147483647;
			files = (
			);
			runOnlyForDeploymentPostprocessing = 0;
		};
		27A25A7D29BDBAB400EC5E0D /* Resources */ = {
			isa = PBXResourcesBuildPhase;
			buildActionMask = 2147483647;
			files = (
			);
			runOnlyForDeploymentPostprocessing = 0;
		};
/* End PBXResourcesBuildPhase section */

/* Begin PBXSourcesBuildPhase section */
		27A25A5B29BDBAB200EC5E0D /* Sources */ = {
			isa = PBXSourcesBuildPhase;
			buildActionMask = 2147483647;
			files = (
				2760488D29BDC0F000AB8497 /* My_Expenses.xcdatamodeld in Sources */,
				274014D629D7ED5C003EF614 /* CustomizeSheetView.swift in Sources */,
				274014D429D7E6B5003EF614 /* Colors.swift in Sources */,
				273F5D6429C6E5F100C91C24 /* ExpenseRowView.swift in Sources */,
				278BAB6729C5C6E400A5A005 /* DayExpense.swift in Sources */,
				2740146529CDB267003EF614 /* CustomTextFieldView.swift in Sources */,
				27D6BEE029BDBF0000E3F19D /* Expense.swift in Sources */,
				278BAB6029C5BE7300A5A005 /* TodaysViewModel.swift in Sources */,
				274014DD29D7F193003EF614 /* SheetTopBarView.swift in Sources */,
				2760488F29BDE58800AB8497 /* TodaysView.swift in Sources */,
				27A25A9E29BDBBEC00EC5E0D /* LocalDatabase.swift in Sources */,
				27A25A6329BDBAB200EC5E0D /* My_ExpensesApp.swift in Sources */,
				276048D429BF13C300AB8497 /* BottomBarView.swift in Sources */,
				274014D929D7EDB5003EF614 /* SheetTabItemView.swift in Sources */,
				274014E229D975E3003EF614 /* ColorPickerChipButtonView.swift in Sources */,
				276048DA29BF1D9D00AB8497 /* Date.swift in Sources */,
				274014D229D7E651003EF614 /* Icons.swift in Sources */,
				27A25A9929BDBB1600EC5E0D /* AppViewModel.swift in Sources */,
				276048D829BF1BCE00AB8497 /* WeekExpensesView.swift in Sources */,
				2740146329CDACED003EF614 /* NewItemInputView.swift in Sources */,
				274014DF29D97544003EF614 /* CircleChipButtonView.swift in Sources */,
				2760489329BDE5BA00AB8497 /* WeekView.swift in Sources */,
				27A25AA029BDBBFE00EC5E0D /* Logger.swift in Sources */,
				276048DC29BF244600AB8497 /* Test.swift in Sources */,
				273F5D6829C702EF00C91C24 /* InputNavigatorView.swift in Sources */,
				276048D229BF13BA00AB8497 /* TopBarView.swift in Sources */,
				274014EB29D97C64003EF614 /* HeaderOptionsView.swift in Sources */,
				27A25A9C29BDBB4F00EC5E0D /* ExpenseRepository.swift in Sources */,
				274014E629D97793003EF614 /* NoColorChipButtonView.swift in Sources */,
				274014E829D97C2C003EF614 /* BackgroundOptionsView.swift in Sources */,
				276048CE29BF118D00AB8497 /* Frame.swift in Sources */,
				2760489529BDE7D800AB8497 /* Text.swift in Sources */,
				276048D629BF19B200AB8497 /* DayExpenseBoxView.swift in Sources */,
				2740146129CDABE1003EF614 /* GuideLineView.swift in Sources */,
				274014E429D976E3003EF614 /* ColorChipButtonView.swift in Sources */,
				273F5D6629C6EB7900C91C24 /* Numbers.swift in Sources */,
				274014DB29D7F087003EF614 /* Modifier.swift in Sources */,
				278BAB6229C5BE8300A5A005 /* WeekViewModel.swift in Sources */,
				278BAB6529C5C6C800A5A005 /* WeekExpense.swift in Sources */,
				27A25A9729BDBB0500EC5E0D /* AppView.swift in Sources */,
			);
			runOnlyForDeploymentPostprocessing = 0;
		};
		27A25A7129BDBAB400EC5E0D /* Sources */ = {
			isa = PBXSourcesBuildPhase;
			buildActionMask = 2147483647;
			files = (
				27A25A7A29BDBAB400EC5E0D /* My_ExpensesTests.swift in Sources */,
			);
			runOnlyForDeploymentPostprocessing = 0;
		};
		27A25A7B29BDBAB400EC5E0D /* Sources */ = {
			isa = PBXSourcesBuildPhase;
			buildActionMask = 2147483647;
			files = (
				27A25A8429BDBAB400EC5E0D /* My_ExpensesUITests.swift in Sources */,
				27A25A8629BDBAB400EC5E0D /* My_ExpensesUITestsLaunchTests.swift in Sources */,
			);
			runOnlyForDeploymentPostprocessing = 0;
		};
/* End PBXSourcesBuildPhase section */

/* Begin PBXTargetDependency section */
		27A25A7729BDBAB400EC5E0D /* PBXTargetDependency */ = {
			isa = PBXTargetDependency;
			target = 27A25A5E29BDBAB200EC5E0D /* My Expenses */;
			targetProxy = 27A25A7629BDBAB400EC5E0D /* PBXContainerItemProxy */;
		};
		27A25A8129BDBAB400EC5E0D /* PBXTargetDependency */ = {
			isa = PBXTargetDependency;
			target = 27A25A5E29BDBAB200EC5E0D /* My Expenses */;
			targetProxy = 27A25A8029BDBAB400EC5E0D /* PBXContainerItemProxy */;
		};
/* End PBXTargetDependency section */

/* Begin XCBuildConfiguration section */
		27A25A8729BDBAB400EC5E0D /* Debug */ = {
			isa = XCBuildConfiguration;
			buildSettings = {
				ALWAYS_SEARCH_USER_PATHS = NO;
				CLANG_ANALYZER_NONNULL = YES;
				CLANG_ANALYZER_NUMBER_OBJECT_CONVERSION = YES_AGGRESSIVE;
				CLANG_CXX_LANGUAGE_STANDARD = "gnu++20";
				CLANG_ENABLE_MODULES = YES;
				CLANG_ENABLE_OBJC_ARC = YES;
				CLANG_ENABLE_OBJC_WEAK = YES;
				CLANG_WARN_BLOCK_CAPTURE_AUTORELEASING = YES;
				CLANG_WARN_BOOL_CONVERSION = YES;
				CLANG_WARN_COMMA = YES;
				CLANG_WARN_CONSTANT_CONVERSION = YES;
				CLANG_WARN_DEPRECATED_OBJC_IMPLEMENTATIONS = YES;
				CLANG_WARN_DIRECT_OBJC_ISA_USAGE = YES_ERROR;
				CLANG_WARN_DOCUMENTATION_COMMENTS = YES;
				CLANG_WARN_EMPTY_BODY = YES;
				CLANG_WARN_ENUM_CONVERSION = YES;
				CLANG_WARN_INFINITE_RECURSION = YES;
				CLANG_WARN_INT_CONVERSION = YES;
				CLANG_WARN_NON_LITERAL_NULL_CONVERSION = YES;
				CLANG_WARN_OBJC_IMPLICIT_RETAIN_SELF = YES;
				CLANG_WARN_OBJC_LITERAL_CONVERSION = YES;
				CLANG_WARN_OBJC_ROOT_CLASS = YES_ERROR;
				CLANG_WARN_QUOTED_INCLUDE_IN_FRAMEWORK_HEADER = YES;
				CLANG_WARN_RANGE_LOOP_ANALYSIS = YES;
				CLANG_WARN_STRICT_PROTOTYPES = YES;
				CLANG_WARN_SUSPICIOUS_MOVE = YES;
				CLANG_WARN_UNGUARDED_AVAILABILITY = YES_AGGRESSIVE;
				CLANG_WARN_UNREACHABLE_CODE = YES;
				CLANG_WARN__DUPLICATE_METHOD_MATCH = YES;
				COPY_PHASE_STRIP = NO;
				DEBUG_INFORMATION_FORMAT = dwarf;
				ENABLE_STRICT_OBJC_MSGSEND = YES;
				ENABLE_TESTABILITY = YES;
				GCC_C_LANGUAGE_STANDARD = gnu11;
				GCC_DYNAMIC_NO_PIC = NO;
				GCC_NO_COMMON_BLOCKS = YES;
				GCC_OPTIMIZATION_LEVEL = 0;
				GCC_PREPROCESSOR_DEFINITIONS = (
					"DEBUG=1",
					"$(inherited)",
				);
				GCC_WARN_64_TO_32_BIT_CONVERSION = YES;
				GCC_WARN_ABOUT_RETURN_TYPE = YES_ERROR;
				GCC_WARN_UNDECLARED_SELECTOR = YES;
				GCC_WARN_UNINITIALIZED_AUTOS = YES_AGGRESSIVE;
				GCC_WARN_UNUSED_FUNCTION = YES;
				GCC_WARN_UNUSED_VARIABLE = YES;
				IPHONEOS_DEPLOYMENT_TARGET = 14.0;
				MTL_ENABLE_DEBUG_INFO = INCLUDE_SOURCE;
				MTL_FAST_MATH = YES;
				ONLY_ACTIVE_ARCH = YES;
				SWIFT_ACTIVE_COMPILATION_CONDITIONS = DEBUG;
				SWIFT_OPTIMIZATION_LEVEL = "-Onone";
			};
			name = Debug;
		};
		27A25A8829BDBAB400EC5E0D /* Release */ = {
			isa = XCBuildConfiguration;
			buildSettings = {
				ALWAYS_SEARCH_USER_PATHS = NO;
				CLANG_ANALYZER_NONNULL = YES;
				CLANG_ANALYZER_NUMBER_OBJECT_CONVERSION = YES_AGGRESSIVE;
				CLANG_CXX_LANGUAGE_STANDARD = "gnu++20";
				CLANG_ENABLE_MODULES = YES;
				CLANG_ENABLE_OBJC_ARC = YES;
				CLANG_ENABLE_OBJC_WEAK = YES;
				CLANG_WARN_BLOCK_CAPTURE_AUTORELEASING = YES;
				CLANG_WARN_BOOL_CONVERSION = YES;
				CLANG_WARN_COMMA = YES;
				CLANG_WARN_CONSTANT_CONVERSION = YES;
				CLANG_WARN_DEPRECATED_OBJC_IMPLEMENTATIONS = YES;
				CLANG_WARN_DIRECT_OBJC_ISA_USAGE = YES_ERROR;
				CLANG_WARN_DOCUMENTATION_COMMENTS = YES;
				CLANG_WARN_EMPTY_BODY = YES;
				CLANG_WARN_ENUM_CONVERSION = YES;
				CLANG_WARN_INFINITE_RECURSION = YES;
				CLANG_WARN_INT_CONVERSION = YES;
				CLANG_WARN_NON_LITERAL_NULL_CONVERSION = YES;
				CLANG_WARN_OBJC_IMPLICIT_RETAIN_SELF = YES;
				CLANG_WARN_OBJC_LITERAL_CONVERSION = YES;
				CLANG_WARN_OBJC_ROOT_CLASS = YES_ERROR;
				CLANG_WARN_QUOTED_INCLUDE_IN_FRAMEWORK_HEADER = YES;
				CLANG_WARN_RANGE_LOOP_ANALYSIS = YES;
				CLANG_WARN_STRICT_PROTOTYPES = YES;
				CLANG_WARN_SUSPICIOUS_MOVE = YES;
				CLANG_WARN_UNGUARDED_AVAILABILITY = YES_AGGRESSIVE;
				CLANG_WARN_UNREACHABLE_CODE = YES;
				CLANG_WARN__DUPLICATE_METHOD_MATCH = YES;
				COPY_PHASE_STRIP = NO;
				DEBUG_INFORMATION_FORMAT = "dwarf-with-dsym";
				ENABLE_NS_ASSERTIONS = NO;
				ENABLE_STRICT_OBJC_MSGSEND = YES;
				GCC_C_LANGUAGE_STANDARD = gnu11;
				GCC_NO_COMMON_BLOCKS = YES;
				GCC_WARN_64_TO_32_BIT_CONVERSION = YES;
				GCC_WARN_ABOUT_RETURN_TYPE = YES_ERROR;
				GCC_WARN_UNDECLARED_SELECTOR = YES;
				GCC_WARN_UNINITIALIZED_AUTOS = YES_AGGRESSIVE;
				GCC_WARN_UNUSED_FUNCTION = YES;
				GCC_WARN_UNUSED_VARIABLE = YES;
				IPHONEOS_DEPLOYMENT_TARGET = 14.0;
				MTL_ENABLE_DEBUG_INFO = NO;
				MTL_FAST_MATH = YES;
				SWIFT_COMPILATION_MODE = wholemodule;
				SWIFT_OPTIMIZATION_LEVEL = "-O";
			};
			name = Release;
		};
		27A25A8A29BDBAB400EC5E0D /* Debug */ = {
			isa = XCBuildConfiguration;
			buildSettings = {
				ASSETCATALOG_COMPILER_APPICON_NAME = AppIcon;
				ASSETCATALOG_COMPILER_GLOBAL_ACCENT_COLOR_NAME = AccentColor;
				CODE_SIGN_ENTITLEMENTS = "My Expenses/My_Expenses.entitlements";
				CODE_SIGN_STYLE = Automatic;
				CURRENT_PROJECT_VERSION = 1;
				DEVELOPMENT_ASSET_PATHS = "";
				DEVELOPMENT_TEAM = KB9D3Y7M29;
				ENABLE_HARDENED_RUNTIME = YES;
				ENABLE_PREVIEWS = YES;
				GENERATE_INFOPLIST_FILE = YES;
				"INFOPLIST_KEY_UIApplicationSceneManifest_Generation[sdk=iphoneos*]" = YES;
				"INFOPLIST_KEY_UIApplicationSceneManifest_Generation[sdk=iphonesimulator*]" = YES;
				"INFOPLIST_KEY_UIApplicationSupportsIndirectInputEvents[sdk=iphoneos*]" = YES;
				"INFOPLIST_KEY_UIApplicationSupportsIndirectInputEvents[sdk=iphonesimulator*]" = YES;
				"INFOPLIST_KEY_UILaunchScreen_Generation[sdk=iphoneos*]" = YES;
				"INFOPLIST_KEY_UILaunchScreen_Generation[sdk=iphonesimulator*]" = YES;
				"INFOPLIST_KEY_UIStatusBarStyle[sdk=iphoneos*]" = UIStatusBarStyleDefault;
				"INFOPLIST_KEY_UIStatusBarStyle[sdk=iphonesimulator*]" = UIStatusBarStyleDefault;
				INFOPLIST_KEY_UISupportedInterfaceOrientations = UIInterfaceOrientationPortrait;
				INFOPLIST_KEY_UISupportedInterfaceOrientations_iPad = "UIInterfaceOrientationLandscapeLeft UIInterfaceOrientationLandscapeRight UIInterfaceOrientationPortrait UIInterfaceOrientationPortraitUpsideDown";
				IPHONEOS_DEPLOYMENT_TARGET = 14.0;
				LD_RUNPATH_SEARCH_PATHS = "@executable_path/Frameworks";
				"LD_RUNPATH_SEARCH_PATHS[sdk=macosx*]" = "@executable_path/../Frameworks";
				MACOSX_DEPLOYMENT_TARGET = 12.6;
				MARKETING_VERSION = 1.0;
				PRODUCT_BUNDLE_IDENTIFIER = "com.darealreally.My-Expenses";
				PRODUCT_NAME = "$(TARGET_NAME)";
				SDKROOT = auto;
				SUPPORTED_PLATFORMS = "iphoneos iphonesimulator";
				SUPPORTS_MACCATALYST = NO;
				SUPPORTS_MAC_DESIGNED_FOR_IPHONE_IPAD = NO;
				SWIFT_EMIT_LOC_STRINGS = YES;
				SWIFT_VERSION = 5.0;
				TARGETED_DEVICE_FAMILY = 1;
			};
			name = Debug;
		};
		27A25A8B29BDBAB400EC5E0D /* Release */ = {
			isa = XCBuildConfiguration;
			buildSettings = {
				ASSETCATALOG_COMPILER_APPICON_NAME = AppIcon;
				ASSETCATALOG_COMPILER_GLOBAL_ACCENT_COLOR_NAME = AccentColor;
				CODE_SIGN_ENTITLEMENTS = "My Expenses/My_Expenses.entitlements";
				CODE_SIGN_STYLE = Automatic;
				CURRENT_PROJECT_VERSION = 1;
				DEVELOPMENT_ASSET_PATHS = "";
				DEVELOPMENT_TEAM = KB9D3Y7M29;
				ENABLE_HARDENED_RUNTIME = YES;
				ENABLE_PREVIEWS = YES;
				GENERATE_INFOPLIST_FILE = YES;
				"INFOPLIST_KEY_UIApplicationSceneManifest_Generation[sdk=iphoneos*]" = YES;
				"INFOPLIST_KEY_UIApplicationSceneManifest_Generation[sdk=iphonesimulator*]" = YES;
				"INFOPLIST_KEY_UIApplicationSupportsIndirectInputEvents[sdk=iphoneos*]" = YES;
				"INFOPLIST_KEY_UIApplicationSupportsIndirectInputEvents[sdk=iphonesimulator*]" = YES;
				"INFOPLIST_KEY_UILaunchScreen_Generation[sdk=iphoneos*]" = YES;
				"INFOPLIST_KEY_UILaunchScreen_Generation[sdk=iphonesimulator*]" = YES;
				"INFOPLIST_KEY_UIStatusBarStyle[sdk=iphoneos*]" = UIStatusBarStyleDefault;
				"INFOPLIST_KEY_UIStatusBarStyle[sdk=iphonesimulator*]" = UIStatusBarStyleDefault;
				INFOPLIST_KEY_UISupportedInterfaceOrientations = UIInterfaceOrientationPortrait;
				INFOPLIST_KEY_UISupportedInterfaceOrientations_iPad = "UIInterfaceOrientationLandscapeLeft UIInterfaceOrientationLandscapeRight UIInterfaceOrientationPortrait UIInterfaceOrientationPortraitUpsideDown";
				IPHONEOS_DEPLOYMENT_TARGET = 14.0;
				LD_RUNPATH_SEARCH_PATHS = "@executable_path/Frameworks";
				"LD_RUNPATH_SEARCH_PATHS[sdk=macosx*]" = "@executable_path/../Frameworks";
				MACOSX_DEPLOYMENT_TARGET = 12.6;
				MARKETING_VERSION = 1.0;
				PRODUCT_BUNDLE_IDENTIFIER = "com.darealreally.My-Expenses";
				PRODUCT_NAME = "$(TARGET_NAME)";
				SDKROOT = auto;
				SUPPORTED_PLATFORMS = "iphoneos iphonesimulator";
				SUPPORTS_MACCATALYST = NO;
				SUPPORTS_MAC_DESIGNED_FOR_IPHONE_IPAD = NO;
				SWIFT_EMIT_LOC_STRINGS = YES;
				SWIFT_VERSION = 5.0;
				TARGETED_DEVICE_FAMILY = 1;
			};
			name = Release;
		};
		27A25A8D29BDBAB400EC5E0D /* Debug */ = {
			isa = XCBuildConfiguration;
			buildSettings = {
				ALWAYS_EMBED_SWIFT_STANDARD_LIBRARIES = YES;
				BUNDLE_LOADER = "$(TEST_HOST)";
				CODE_SIGN_STYLE = Automatic;
				CURRENT_PROJECT_VERSION = 1;
				DEVELOPMENT_TEAM = KB9D3Y7M29;
				GENERATE_INFOPLIST_FILE = YES;
				IPHONEOS_DEPLOYMENT_TARGET = 14.0;
				MACOSX_DEPLOYMENT_TARGET = 12.6;
				MARKETING_VERSION = 1.0;
				PRODUCT_BUNDLE_IDENTIFIER = "com.darealreally.My-ExpensesTests";
				PRODUCT_NAME = "$(TARGET_NAME)";
				SDKROOT = auto;
				SUPPORTED_PLATFORMS = "iphoneos iphonesimulator";
				SUPPORTS_MACCATALYST = NO;
				SUPPORTS_MAC_DESIGNED_FOR_IPHONE_IPAD = NO;
				SWIFT_EMIT_LOC_STRINGS = NO;
				SWIFT_VERSION = 5.0;
				TARGETED_DEVICE_FAMILY = 1;
				TEST_HOST = "$(BUILT_PRODUCTS_DIR)/My Expenses.app/$(BUNDLE_EXECUTABLE_FOLDER_PATH)/My Expenses";
			};
			name = Debug;
		};
		27A25A8E29BDBAB400EC5E0D /* Release */ = {
			isa = XCBuildConfiguration;
			buildSettings = {
				ALWAYS_EMBED_SWIFT_STANDARD_LIBRARIES = YES;
				BUNDLE_LOADER = "$(TEST_HOST)";
				CODE_SIGN_STYLE = Automatic;
				CURRENT_PROJECT_VERSION = 1;
				DEVELOPMENT_TEAM = KB9D3Y7M29;
				GENERATE_INFOPLIST_FILE = YES;
				IPHONEOS_DEPLOYMENT_TARGET = 14.0;
				MACOSX_DEPLOYMENT_TARGET = 12.6;
				MARKETING_VERSION = 1.0;
				PRODUCT_BUNDLE_IDENTIFIER = "com.darealreally.My-ExpensesTests";
				PRODUCT_NAME = "$(TARGET_NAME)";
				SDKROOT = auto;
				SUPPORTED_PLATFORMS = "iphoneos iphonesimulator";
				SUPPORTS_MACCATALYST = NO;
				SUPPORTS_MAC_DESIGNED_FOR_IPHONE_IPAD = NO;
				SWIFT_EMIT_LOC_STRINGS = NO;
				SWIFT_VERSION = 5.0;
				TARGETED_DEVICE_FAMILY = 1;
				TEST_HOST = "$(BUILT_PRODUCTS_DIR)/My Expenses.app/$(BUNDLE_EXECUTABLE_FOLDER_PATH)/My Expenses";
			};
			name = Release;
		};
		27A25A9029BDBAB400EC5E0D /* Debug */ = {
			isa = XCBuildConfiguration;
			buildSettings = {
				ALWAYS_EMBED_SWIFT_STANDARD_LIBRARIES = YES;
				CODE_SIGN_STYLE = Automatic;
				CURRENT_PROJECT_VERSION = 1;
				DEVELOPMENT_TEAM = KB9D3Y7M29;
				GENERATE_INFOPLIST_FILE = YES;
				IPHONEOS_DEPLOYMENT_TARGET = 14.0;
				MACOSX_DEPLOYMENT_TARGET = 12.6;
				MARKETING_VERSION = 1.0;
				PRODUCT_BUNDLE_IDENTIFIER = "com.darealreally.My-ExpensesUITests";
				PRODUCT_NAME = "$(TARGET_NAME)";
				SDKROOT = auto;
				SUPPORTED_PLATFORMS = "iphoneos iphonesimulator macosx";
				SWIFT_EMIT_LOC_STRINGS = NO;
				SWIFT_VERSION = 5.0;
				TARGETED_DEVICE_FAMILY = "1,2";
				TEST_TARGET_NAME = "My Expenses";
			};
			name = Debug;
		};
		27A25A9129BDBAB400EC5E0D /* Release */ = {
			isa = XCBuildConfiguration;
			buildSettings = {
				ALWAYS_EMBED_SWIFT_STANDARD_LIBRARIES = YES;
				CODE_SIGN_STYLE = Automatic;
				CURRENT_PROJECT_VERSION = 1;
				DEVELOPMENT_TEAM = KB9D3Y7M29;
				GENERATE_INFOPLIST_FILE = YES;
				IPHONEOS_DEPLOYMENT_TARGET = 14.0;
				MACOSX_DEPLOYMENT_TARGET = 12.6;
				MARKETING_VERSION = 1.0;
				PRODUCT_BUNDLE_IDENTIFIER = "com.darealreally.My-ExpensesUITests";
				PRODUCT_NAME = "$(TARGET_NAME)";
				SDKROOT = auto;
				SUPPORTED_PLATFORMS = "iphoneos iphonesimulator macosx";
				SWIFT_EMIT_LOC_STRINGS = NO;
				SWIFT_VERSION = 5.0;
				TARGETED_DEVICE_FAMILY = "1,2";
				TEST_TARGET_NAME = "My Expenses";
			};
			name = Release;
		};
/* End XCBuildConfiguration section */

/* Begin XCConfigurationList section */
		27A25A5A29BDBAB100EC5E0D /* Build configuration list for PBXProject "My Expenses" */ = {
			isa = XCConfigurationList;
			buildConfigurations = (
				27A25A8729BDBAB400EC5E0D /* Debug */,
				27A25A8829BDBAB400EC5E0D /* Release */,
			);
			defaultConfigurationIsVisible = 0;
			defaultConfigurationName = Release;
		};
		27A25A8929BDBAB400EC5E0D /* Build configuration list for PBXNativeTarget "My Expenses" */ = {
			isa = XCConfigurationList;
			buildConfigurations = (
				27A25A8A29BDBAB400EC5E0D /* Debug */,
				27A25A8B29BDBAB400EC5E0D /* Release */,
			);
			defaultConfigurationIsVisible = 0;
			defaultConfigurationName = Release;
		};
		27A25A8C29BDBAB400EC5E0D /* Build configuration list for PBXNativeTarget "My ExpensesTests" */ = {
			isa = XCConfigurationList;
			buildConfigurations = (
				27A25A8D29BDBAB400EC5E0D /* Debug */,
				27A25A8E29BDBAB400EC5E0D /* Release */,
			);
			defaultConfigurationIsVisible = 0;
			defaultConfigurationName = Release;
		};
		27A25A8F29BDBAB400EC5E0D /* Build configuration list for PBXNativeTarget "My ExpensesUITests" */ = {
			isa = XCConfigurationList;
			buildConfigurations = (
				27A25A9029BDBAB400EC5E0D /* Debug */,
				27A25A9129BDBAB400EC5E0D /* Release */,
			);
			defaultConfigurationIsVisible = 0;
			defaultConfigurationName = Release;
		};
/* End XCConfigurationList section */

/* Begin XCVersionGroup section */
		2760488B29BDC0F000AB8497 /* My_Expenses.xcdatamodeld */ = {
			isa = XCVersionGroup;
			children = (
				2760488C29BDC0F000AB8497 /* My_Expenses.xcdatamodel */,
			);
			currentVersion = 2760488C29BDC0F000AB8497 /* My_Expenses.xcdatamodel */;
			path = My_Expenses.xcdatamodeld;
			sourceTree = "<group>";
			versionGroupType = wrapper.xcdatamodel;
		};
/* End XCVersionGroup section */
	};
	rootObject = 27A25A5729BDBAB100EC5E0D /* Project object */;
}
